
Microsoft Visual Studio Solution File, Format Version 12.00
# Visual Studio Version 17
VisualStudioVersion = 17.8.34219.65
MinimumVisualStudioVersion = 10.0.40219.1
Project("{FAE04EC0-301F-11D3-BF4B-00C04F79EFBC}") = "Partypacker", "Partypacker\Partypacker.csproj", "{BCB1E673-FE06-4360-895D-07FE682C720D}"
EndProject
Global
	GlobalSection(SolutionConfigurationPlatforms) = preSolution
		Debug|Any CPU = Debug|Any CPU
		Release|Any CPU = Release|Any CPU
	EndGlobalSection
	GlobalSection(ProjectConfigurationPlatforms) = postSolution
		{BCB1E673-FE06-4360-895D-07FE682C720D}.Debug|Any CPU.ActiveCfg = Debug|Any CPU
		{BCB1E673-FE06-4360-895D-07FE682C720D}.Debug|Any CPU.Build.0 = Debug|Any CPU
		{BCB1E673-FE06-4360-895D-07FE682C720D}.Release|Any CPU.ActiveCfg = Release|Any CPU
		{BCB1E673-FE06-4360-895D-07FE682C720D}.Release|Any CPU.Build.0 = Release|Any CPU
	EndGlobalSection
	GlobalSection(SolutionProperties) = preSolution
		HideSolutionNode = FALSE
	EndGlobalSection
	GlobalSection(ExtensibilityGlobals) = postSolution
		SolutionGuid = {F12064C4-E05B-464A-BF11-E0E20C7D2B3F}
	EndGlobalSection
EndGlobal
